
Microsoft Visual Studio Solution File, Format Version 12.00
# Visual Studio 15
Project("{FAE04EC0-301F-11D3-BF4B-00C04F79EFBC}") = "Assembly-CSharp", "Assembly-CSharp.csproj", "{EF92A4E0-A71E-0065-4677-1EBA33B9B296}"
EndProject
Project("{FAE04EC0-301F-11D3-BF4B-00C04F79EFBC}") = "Assembly-CSharp-Editor", "Assembly-CSharp-Editor.csproj", "{A609CD06-28C5-D15D-AD36-43760972E7E1}"
EndProject
Global
	GlobalSection(SolutionConfigurationPlatforms) = preSolution
		Debug|Any CPU = Debug|Any CPU
		Release|Any CPU = Release|Any CPU
	EndGlobalSection
	GlobalSection(ProjectConfigurationPlatforms) = postSolution
		{EF92A4E0-A71E-0065-4677-1EBA33B9B296}.Debug|Any CPU.ActiveCfg = Debug|Any CPU
		{EF92A4E0-A71E-0065-4677-1EBA33B9B296}.Debug|Any CPU.Build.0 = Debug|Any CPU
		{EF92A4E0-A71E-0065-4677-1EBA33B9B296}.Release|Any CPU.ActiveCfg = Release|Any CPU
		{EF92A4E0-A71E-0065-4677-1EBA33B9B296}.Release|Any CPU.Build.0 = Release|Any CPU
		{A609CD06-28C5-D15D-AD36-43760972E7E1}.Debug|Any CPU.ActiveCfg = Debug|Any CPU
		{A609CD06-28C5-D15D-AD36-43760972E7E1}.Debug|Any CPU.Build.0 = Debug|Any CPU
		{A609CD06-28C5-D15D-AD36-43760972E7E1}.Release|Any CPU.ActiveCfg = Release|Any CPU
		{A609CD06-28C5-D15D-AD36-43760972E7E1}.Release|Any CPU.Build.0 = Release|Any CPU
	EndGlobalSection
	GlobalSection(SolutionProperties) = preSolution
		HideSolutionNode = FALSE
	EndGlobalSection
EndGlobal
