
Microsoft Visual Studio Solution File, Format Version 12.00
# Visual Studio 15
Project("{FAE04EC0-301F-11D3-BF4B-00C04F79EFBC}") = "Assembly-CSharp", "Assembly-CSharp.csproj", "{080D7C23-A310-C9E5-0BDE-ADD2A68A8EF6}"
EndProject
Project("{FAE04EC0-301F-11D3-BF4B-00C04F79EFBC}") = "Assembly-CSharp-Editor", "Assembly-CSharp-Editor.csproj", "{0FD6A6EA-98DF-1CFE-FCBC-710128FF9C6D}"
EndProject
Global
	GlobalSection(SolutionConfigurationPlatforms) = preSolution
		Debug|Any CPU = Debug|Any CPU
		Release|Any CPU = Release|Any CPU
	EndGlobalSection
	GlobalSection(ProjectConfigurationPlatforms) = postSolution
		{080D7C23-A310-C9E5-0BDE-ADD2A68A8EF6}.Debug|Any CPU.ActiveCfg = Debug|Any CPU
		{080D7C23-A310-C9E5-0BDE-ADD2A68A8EF6}.Debug|Any CPU.Build.0 = Debug|Any CPU
		{080D7C23-A310-C9E5-0BDE-ADD2A68A8EF6}.Release|Any CPU.ActiveCfg = Release|Any CPU
		{080D7C23-A310-C9E5-0BDE-ADD2A68A8EF6}.Release|Any CPU.Build.0 = Release|Any CPU
		{0FD6A6EA-98DF-1CFE-FCBC-710128FF9C6D}.Debug|Any CPU.ActiveCfg = Debug|Any CPU
		{0FD6A6EA-98DF-1CFE-FCBC-710128FF9C6D}.Debug|Any CPU.Build.0 = Debug|Any CPU
		{0FD6A6EA-98DF-1CFE-FCBC-710128FF9C6D}.Release|Any CPU.ActiveCfg = Release|Any CPU
		{0FD6A6EA-98DF-1CFE-FCBC-710128FF9C6D}.Release|Any CPU.Build.0 = Release|Any CPU
	EndGlobalSection
	GlobalSection(SolutionProperties) = preSolution
		HideSolutionNode = FALSE
	EndGlobalSection
EndGlobal
